
Microsoft Visual Studio Solution File, Format Version 12.00
# Visual Studio Version 16
VisualStudioVersion = 16.0.30717.126
MinimumVisualStudioVersion = 10.0.40219.1
Project("{FAE04EC0-301F-11D3-BF4B-00C04F79EFBC}") = "Zadanie_C8", "Zadanie_C8\Zadanie_C8.csproj", "{EFFEF37C-0C6A-469C-80E2-8336C6BB0C86}"
EndProject
Global
	GlobalSection(SolutionConfigurationPlatforms) = preSolution
		Debug|Any CPU = Debug|Any CPU
		Release|Any CPU = Release|Any CPU
	EndGlobalSection
	GlobalSection(ProjectConfigurationPlatforms) = postSolution
		{EFFEF37C-0C6A-469C-80E2-8336C6BB0C86}.Debug|Any CPU.ActiveCfg = Debug|Any CPU
		{EFFEF37C-0C6A-469C-80E2-8336C6BB0C86}.Debug|Any CPU.Build.0 = Debug|Any CPU
		{EFFEF37C-0C6A-469C-80E2-8336C6BB0C86}.Release|Any CPU.ActiveCfg = Release|Any CPU
		{EFFEF37C-0C6A-469C-80E2-8336C6BB0C86}.Release|Any CPU.Build.0 = Release|Any CPU
	EndGlobalSection
	GlobalSection(SolutionProperties) = preSolution
		HideSolutionNode = FALSE
	EndGlobalSection
	GlobalSection(ExtensibilityGlobals) = postSolution
		SolutionGuid = {CE9DB85A-1032-4E6A-B12C-D29FEE5136AD}
	EndGlobalSection
EndGlobal
